
Microsoft Visual Studio Solution File, Format Version 12.00
# Visual Studio 15
VisualStudioVersion = 15.0.28307.779
MinimumVisualStudioVersion = 10.0.40219.1
Project("{FAE04EC0-301F-11D3-BF4B-00C04F79EFBC}") = "PeleEchoServerTutorial", "PeleEchoServerTutorial\PeleEchoServerTutorial.csproj", "{BF07B3EC-46C3-4155-9508-BE637B8FDDAE}"
EndProject
Project("{FAE04EC0-301F-11D3-BF4B-00C04F79EFBC}") = "Client", "Client\Client.csproj", "{8518B06D-77C4-45ED-A695-AA6E90823FA1}"
EndProject
Global
	GlobalSection(SolutionConfigurationPlatforms) = preSolution
		Debug|Any CPU = Debug|Any CPU
		Release|Any CPU = Release|Any CPU
	EndGlobalSection
	GlobalSection(ProjectConfigurationPlatforms) = postSolution
		{BF07B3EC-46C3-4155-9508-BE637B8FDDAE}.Debug|Any CPU.ActiveCfg = Debug|Any CPU
		{BF07B3EC-46C3-4155-9508-BE637B8FDDAE}.Debug|Any CPU.Build.0 = Debug|Any CPU
		{BF07B3EC-46C3-4155-9508-BE637B8FDDAE}.Release|Any CPU.ActiveCfg = Release|Any CPU
		{BF07B3EC-46C3-4155-9508-BE637B8FDDAE}.Release|Any CPU.Build.0 = Release|Any CPU
		{8518B06D-77C4-45ED-A695-AA6E90823FA1}.Debug|Any CPU.ActiveCfg = Debug|Any CPU
		{8518B06D-77C4-45ED-A695-AA6E90823FA1}.Debug|Any CPU.Build.0 = Debug|Any CPU
		{8518B06D-77C4-45ED-A695-AA6E90823FA1}.Release|Any CPU.ActiveCfg = Release|Any CPU
		{8518B06D-77C4-45ED-A695-AA6E90823FA1}.Release|Any CPU.Build.0 = Release|Any CPU
	EndGlobalSection
	GlobalSection(SolutionProperties) = preSolution
		HideSolutionNode = FALSE
	EndGlobalSection
	GlobalSection(ExtensibilityGlobals) = postSolution
		SolutionGuid = {7BFD9C91-CAB0-43E5-81B2-A4AA54AF53DB}
	EndGlobalSection
EndGlobal
